
Microsoft Visual Studio Solution File, Format Version 12.00
# Visual Studio 15
VisualStudioVersion = 15.0.28307.329
MinimumVisualStudioVersion = 10.0.40219.1
Project("{FAE04EC0-301F-11D3-BF4B-00C04F79EFBC}") = "Sort", "Sort\Sort.csproj", "{B949D260-0230-4A67-ABB5-0A3768CFC937}"
EndProject
Global
	GlobalSection(SolutionConfigurationPlatforms) = preSolution
		Debug|Any CPU = Debug|Any CPU
		Release|Any CPU = Release|Any CPU
	EndGlobalSection
	GlobalSection(ProjectConfigurationPlatforms) = postSolution
		{B949D260-0230-4A67-ABB5-0A3768CFC937}.Debug|Any CPU.ActiveCfg = Debug|Any CPU
		{B949D260-0230-4A67-ABB5-0A3768CFC937}.Debug|Any CPU.Build.0 = Debug|Any CPU
		{B949D260-0230-4A67-ABB5-0A3768CFC937}.Release|Any CPU.ActiveCfg = Release|Any CPU
		{B949D260-0230-4A67-ABB5-0A3768CFC937}.Release|Any CPU.Build.0 = Release|Any CPU
	EndGlobalSection
	GlobalSection(SolutionProperties) = preSolution
		HideSolutionNode = FALSE
	EndGlobalSection
	GlobalSection(ExtensibilityGlobals) = postSolution
		SolutionGuid = {079A0DB2-D212-4FE5-8844-68AB6B349525}
	EndGlobalSection
EndGlobal
